
Microsoft Visual Studio Solution File, Format Version 12.00
# Visual Studio 15
VisualStudioVersion = 15.0.28307.271
MinimumVisualStudioVersion = 10.0.40219.1
Project("{FAE04EC0-301F-11D3-BF4B-00C04F79EFBC}") = "n2nGUI", "n2nGUI\n2nGUI.csproj", "{FFA69162-3EA4-46DE-9FE0-35EFAB4161EB}"
EndProject
Global
	GlobalSection(SolutionConfigurationPlatforms) = preSolution
		Debug|Any CPU = Debug|Any CPU
		Release|Any CPU = Release|Any CPU
	EndGlobalSection
	GlobalSection(ProjectConfigurationPlatforms) = postSolution
		{FFA69162-3EA4-46DE-9FE0-35EFAB4161EB}.Debug|Any CPU.ActiveCfg = Debug|Any CPU
		{FFA69162-3EA4-46DE-9FE0-35EFAB4161EB}.Debug|Any CPU.Build.0 = Debug|Any CPU
		{FFA69162-3EA4-46DE-9FE0-35EFAB4161EB}.Release|Any CPU.ActiveCfg = Release|Any CPU
		{FFA69162-3EA4-46DE-9FE0-35EFAB4161EB}.Release|Any CPU.Build.0 = Release|Any CPU
	EndGlobalSection
	GlobalSection(SolutionProperties) = preSolution
		HideSolutionNode = FALSE
	EndGlobalSection
	GlobalSection(ExtensibilityGlobals) = postSolution
		SolutionGuid = {0ECD80A0-B137-4140-B41F-DA3C4A54DB59}
	EndGlobalSection
EndGlobal
